Microsoft Visual Studio Solution File, Format Version 12.00
# Visual Studio Version 17
VisualStudioVersion = 17.5.2.0
MinimumVisualStudioVersion = 10.0.40219.1
Project("{FAE04EC0-301F-11D3-BF4B-00C04F79EFBC}") = "LumaIsland", "LumaIsland.csproj", "{76F41C97-22B9-ED9F-B060-C0F2267055FD}"
EndProject
Global
	GlobalSection(SolutionConfigurationPlatforms) = preSolution
		Debug|Any CPU = Debug|Any CPU
		Release|Any CPU = Release|Any CPU
	EndGlobalSection
	GlobalSection(ProjectConfigurationPlatforms) = postSolution
		{76F41C97-22B9-ED9F-B060-C0F2267055FD}.Debug|Any CPU.ActiveCfg = Debug|Any CPU
		{76F41C97-22B9-ED9F-B060-C0F2267055FD}.Debug|Any CPU.Build.0 = Debug|Any CPU
		{76F41C97-22B9-ED9F-B060-C0F2267055FD}.Release|Any CPU.ActiveCfg = Release|Any CPU
		{76F41C97-22B9-ED9F-B060-C0F2267055FD}.Release|Any CPU.Build.0 = Release|Any CPU
	EndGlobalSection
	GlobalSection(SolutionProperties) = preSolution
		HideSolutionNode = FALSE
	EndGlobalSection
	GlobalSection(ExtensibilityGlobals) = postSolution
		SolutionGuid = {28E4E4BF-46CC-43D6-89F0-11EEBCE8C09E}
	EndGlobalSection
EndGlobal
