{
  "name": "LumaIsland",
  "lockfileVersion": 3,
  "requires": true,
  "packages": {
    "": {
      "dependencies": {
        "dnx": "^0.0.1"
      }
    },
    "node_modules/dnx": {
      "version": "0.0.1",
      "resolved": "https://registry.npmjs.org/dnx/-/dnx-0.0.1.tgz",
      "integrity": "sha512-uhKC5VSGeGk57ttJdl/ZFsIIf6KRU/XW/rSzLq9z8WMtf9oNkIBSVBrp81qg2UAoIU4/mZwZ7q0rBZNpUPtpkA==",
      "license": "ISC"
    }
  }
}
